
Microsoft Visual Studio Solution File, Format Version 12.00
# Visual Studio Version 17
VisualStudioVersion = 17.4.33213.308
MinimumVisualStudioVersion = 10.0.40219.1
Project("{FAE04EC0-301F-11D3-BF4B-00C04F79EFBC}") = "Stego_Sample", "Stego_Sample\Stego_Sample.csproj", "{90593198-1EF0-4E90-BE08-B6B59E3D43FD}"
EndProject
Project("{2150E333-8FDC-42A3-9474-1A3956D46DE8}") = "src", "src", "{6870A2C7-BFC7-4825-9C38-7AFD4B53DA00}"
EndProject
Project("{2150E333-8FDC-42A3-9474-1A3956D46DE8}") = "tests", "tests", "{AA6F82EE-D5B5-4E3B-900F-BDDA7F1B13D5}"
EndProject
Global
	GlobalSection(SolutionConfigurationPlatforms) = preSolution
		Debug|Any CPU = Debug|Any CPU
		Release|Any CPU = Release|Any CPU
	EndGlobalSection
	GlobalSection(ProjectConfigurationPlatforms) = postSolution
		{90593198-1EF0-4E90-BE08-B6B59E3D43FD}.Debug|Any CPU.ActiveCfg = Debug|Any CPU
		{90593198-1EF0-4E90-BE08-B6B59E3D43FD}.Debug|Any CPU.Build.0 = Debug|Any CPU
		{90593198-1EF0-4E90-BE08-B6B59E3D43FD}.Release|Any CPU.ActiveCfg = Release|Any CPU
		{90593198-1EF0-4E90-BE08-B6B59E3D43FD}.Release|Any CPU.Build.0 = Release|Any CPU
	EndGlobalSection
	GlobalSection(SolutionProperties) = preSolution
		HideSolutionNode = FALSE
	EndGlobalSection
	GlobalSection(ExtensibilityGlobals) = postSolution
		SolutionGuid = {9C6BD0AE-801A-44E9-9D46-ECC926DA07A1}
	EndGlobalSection
EndGlobal
